
Microsoft Visual Studio Solution File, Format Version 12.00
# Visual Studio Version 17
VisualStudioVersion = 17.3.32819.101
MinimumVisualStudioVersion = 10.0.40219.1
Project("{9A19103F-16F7-4668-BE54-9A1E7A4F7556}") = "OnlineShopping", "OnlineShopping\OnlineShopping.csproj", "{8D2C8448-31B5-4E3F-90E7-52199D740157}"
EndProject
Project("{FAE04EC0-301F-11D3-BF4B-00C04F79EFBC}") = "OnlineShopping.Tests", "OnlineShopping.Tests\OnlineShopping.Tests.csproj", "{6E3424A0-5B94-4587-A2EA-31572D6289C3}"
EndProject
Global
	GlobalSection(SolutionConfigurationPlatforms) = preSolution
		Debug|Any CPU = Debug|Any CPU
		Release|Any CPU = Release|Any CPU
	EndGlobalSection
	GlobalSection(ProjectConfigurationPlatforms) = postSolution
		{8D2C8448-31B5-4E3F-90E7-52199D740157}.Debug|Any CPU.ActiveCfg = Debug|Any CPU
		{8D2C8448-31B5-4E3F-90E7-52199D740157}.Debug|Any CPU.Build.0 = Debug|Any CPU
		{8D2C8448-31B5-4E3F-90E7-52199D740157}.Release|Any CPU.ActiveCfg = Release|Any CPU
		{8D2C8448-31B5-4E3F-90E7-52199D740157}.Release|Any CPU.Build.0 = Release|Any CPU
		{6E3424A0-5B94-4587-A2EA-31572D6289C3}.Debug|Any CPU.ActiveCfg = Debug|Any CPU
		{6E3424A0-5B94-4587-A2EA-31572D6289C3}.Debug|Any CPU.Build.0 = Debug|Any CPU
		{6E3424A0-5B94-4587-A2EA-31572D6289C3}.Release|Any CPU.ActiveCfg = Release|Any CPU
		{6E3424A0-5B94-4587-A2EA-31572D6289C3}.Release|Any CPU.Build.0 = Release|Any CPU
	EndGlobalSection
	GlobalSection(SolutionProperties) = preSolution
		HideSolutionNode = FALSE
	EndGlobalSection
	GlobalSection(ExtensibilityGlobals) = postSolution
		SolutionGuid = {5A70A237-BAAE-49AE-822C-26DBDC1B5EFA}
	EndGlobalSection
EndGlobal
